
Microsoft Visual Studio Solution File, Format Version 12.00
# Visual Studio 15
VisualStudioVersion = 15.0.27130.2003
MinimumVisualStudioVersion = 10.0.40219.1
Project("{9A19103F-16F7-4668-BE54-9A1E7A4F7556}") = "MSBump", "MSBump\MSBump.csproj", "{32AE81CC-375C-45BA-9DFD-A45DE2A3B167}"
EndProject
Project("{2150E333-8FDC-42A3-9474-1A3956D46DE8}") = "Solution Items", "Solution Items", "{1E298A3F-2C0A-4DE5-B400-3982F2559C97}"
	ProjectSection(SolutionItems) = preProject
		README.md = README.md
	EndProjectSection
EndProject
Global
	GlobalSection(SolutionConfigurationPlatforms) = preSolution
		Debug|Any CPU = Debug|Any CPU
		Release|Any CPU = Release|Any CPU
	EndGlobalSection
	GlobalSection(ProjectConfigurationPlatforms) = postSolution
		{32AE81CC-375C-45BA-9DFD-A45DE2A3B167}.Debug|Any CPU.ActiveCfg = Debug|Any CPU
		{32AE81CC-375C-45BA-9DFD-A45DE2A3B167}.Debug|Any CPU.Build.0 = Debug|Any CPU
		{32AE81CC-375C-45BA-9DFD-A45DE2A3B167}.Release|Any CPU.ActiveCfg = Release|Any CPU
		{32AE81CC-375C-45BA-9DFD-A45DE2A3B167}.Release|Any CPU.Build.0 = Release|Any CPU
	EndGlobalSection
	GlobalSection(SolutionProperties) = preSolution
		HideSolutionNode = FALSE
	EndGlobalSection
	GlobalSection(ExtensibilityGlobals) = postSolution
		SolutionGuid = {893F9287-252D-45C5-98F5-9AEE5002897F}
	EndGlobalSection
EndGlobal
